
Microsoft Visual Studio Solution File, Format Version 12.00
# Visual Studio Version 17
VisualStudioVersion = 17.5.002.0
MinimumVisualStudioVersion = 10.0.40219.1
Project("{9A19103F-16F7-4668-BE54-9A1E7A4F7556}") = "InstallTimeExample", "InstallTimeExample\InstallTimeExample.csproj", "{54E99883-E687-4573-9565-7FAB9AD09547}"
EndProject
Project("{9A19103F-16F7-4668-BE54-9A1E7A4F7556}") = "AssetsFeature", "AssetsFeature\AssetsFeature.csproj", "{93165BA3-57C0-4CBC-BF25-EC9533E6770E}"
EndProject
Global
	GlobalSection(SolutionConfigurationPlatforms) = preSolution
		Debug|Any CPU = Debug|Any CPU
		Release|Any CPU = Release|Any CPU
	EndGlobalSection
	GlobalSection(ProjectConfigurationPlatforms) = postSolution
		{54E99883-E687-4573-9565-7FAB9AD09547}.Debug|Any CPU.ActiveCfg = Debug|Any CPU
		{54E99883-E687-4573-9565-7FAB9AD09547}.Debug|Any CPU.Build.0 = Debug|Any CPU
		{54E99883-E687-4573-9565-7FAB9AD09547}.Release|Any CPU.ActiveCfg = Release|Any CPU
		{54E99883-E687-4573-9565-7FAB9AD09547}.Release|Any CPU.Build.0 = Release|Any CPU
		{93165BA3-57C0-4CBC-BF25-EC9533E6770E}.Debug|Any CPU.ActiveCfg = Debug|Any CPU
		{93165BA3-57C0-4CBC-BF25-EC9533E6770E}.Debug|Any CPU.Build.0 = Debug|Any CPU
		{93165BA3-57C0-4CBC-BF25-EC9533E6770E}.Release|Any CPU.ActiveCfg = Release|Any CPU
		{93165BA3-57C0-4CBC-BF25-EC9533E6770E}.Release|Any CPU.Build.0 = Release|Any CPU
	EndGlobalSection
	GlobalSection(SolutionProperties) = preSolution
		HideSolutionNode = FALSE
	EndGlobalSection
	GlobalSection(ExtensibilityGlobals) = postSolution
		SolutionGuid = {14A9F641-060F-44A4-B94D-A992CCECE02A}
	EndGlobalSection
EndGlobal
